
Microsoft Visual Studio Solution File, Format Version 12.00
# Visual Studio Version 17
VisualStudioVersion = 17.1.32210.238
MinimumVisualStudioVersion = 10.0.40219.1
Project("{FAE04EC0-301F-11D3-BF4B-00C04F79EFBC}") = "Day30_CabInvoiceGenerator", "Day30_CabInvoiceGenerator\Day30_CabInvoiceGenerator.csproj", "{9C779065-2504-452D-AA33-2481373D96AA}"
EndProject
Project("{FAE04EC0-301F-11D3-BF4B-00C04F79EFBC}") = "CabInvoiceGeneratorUnitTest", "CabInvoiceGeneratorUnitTest\CabInvoiceGeneratorUnitTest.csproj", "{98A60C0A-2E21-4771-B908-32410632860E}"
EndProject
Global
	GlobalSection(SolutionConfigurationPlatforms) = preSolution
		Debug|Any CPU = Debug|Any CPU
		Release|Any CPU = Release|Any CPU
	EndGlobalSection
	GlobalSection(ProjectConfigurationPlatforms) = postSolution
		{9C779065-2504-452D-AA33-2481373D96AA}.Debug|Any CPU.ActiveCfg = Debug|Any CPU
		{9C779065-2504-452D-AA33-2481373D96AA}.Debug|Any CPU.Build.0 = Debug|Any CPU
		{9C779065-2504-452D-AA33-2481373D96AA}.Release|Any CPU.ActiveCfg = Release|Any CPU
		{9C779065-2504-452D-AA33-2481373D96AA}.Release|Any CPU.Build.0 = Release|Any CPU
		{98A60C0A-2E21-4771-B908-32410632860E}.Debug|Any CPU.ActiveCfg = Debug|Any CPU
		{98A60C0A-2E21-4771-B908-32410632860E}.Debug|Any CPU.Build.0 = Debug|Any CPU
		{98A60C0A-2E21-4771-B908-32410632860E}.Release|Any CPU.ActiveCfg = Release|Any CPU
		{98A60C0A-2E21-4771-B908-32410632860E}.Release|Any CPU.Build.0 = Release|Any CPU
	EndGlobalSection
	GlobalSection(SolutionProperties) = preSolution
		HideSolutionNode = FALSE
	EndGlobalSection
	GlobalSection(ExtensibilityGlobals) = postSolution
		SolutionGuid = {AB34F12D-3D83-4F90-8A62-FEF3522548E6}
	EndGlobalSection
EndGlobal
